// !$*UTF8*$!
{
	archiveVersion = 1;
	classes = {
	};
	objectVersion = 77;
	objects = {

/* Begin PBXBuildFile section */
		313FE66B2D3B8C57009EA68F /* MoteAIApp.swift in Sources */ = {isa = PBXBuildFile; fileRef = 313FE66A2D3B8C57009EA68F /* MoteAIApp.swift */; };
		313FE6BC2D3B9E3A009EA68F /* OpenAIResponse.swift in Sources */ = {isa = PBXBuildFile; fileRef = 313FE6A62D3B9E3A009EA68F /* OpenAIResponse.swift */; };
		313FE6BD2D3B9E3A009EA68F /* HomeView.swift in Sources */ = {isa = PBXBuildFile; fileRef = 313FE6AB2D3B9E3A009EA68F /* HomeView.swift */; };
		313FE6BE2D3B9E3A009EA68F /* HomeVM.swift in Sources */ = {isa = PBXBuildFile; fileRef = 313FE6AC2D3B9E3A009EA68F /* HomeVM.swift */; };
		313FE6BF2D3B9E3A009EA68F /* MessageBubbleView.swift in Sources */ = {isa = PBXBuildFile; fileRef = 313FE6AE2D3B9E3A009EA68F /* MessageBubbleView.swift */; };
		313FE6C02D3B9E3A009EA68F /* MessageSuggestView.swift in Sources */ = {isa = PBXBuildFile; fileRef = 313FE6AF2D3B9E3A009EA68F /* MessageSuggestView.swift */; };
		313FE6C12D3B9E3A009EA68F /* MessageSuggestVM.swift in Sources */ = {isa = PBXBuildFile; fileRef = 313FE6B02D3B9E3A009EA68F /* MessageSuggestVM.swift */; };
		313FE6C22D3B9E3A009EA68F /* ContentView.swift in Sources */ = {isa = PBXBuildFile; fileRef = 313FE6B42D3B9E3A009EA68F /* ContentView.swift */; };
		313FE6C32D3B9E3A009EA68F /* MoteAI.xcdatamodeld in Sources */ = {isa = PBXBuildFile; fileRef = 313FE6B72D3B9E3A009EA68F /* MoteAI.xcdatamodeld */; };
		313FE6C42D3B9E3A009EA68F /* Persistence.swift in Sources */ = {isa = PBXBuildFile; fileRef = 313FE6B82D3B9E3A009EA68F /* Persistence.swift */; };
		313FE6C52D3B9E3A009EA68F /* Preview Assets.xcassets in Resources */ = {isa = PBXBuildFile; fileRef = 313FE6A82D3B9E3A009EA68F /* Preview Assets.xcassets */; };
		313FE6C62D3B9E3A009EA68F /* Assets.xcassets in Resources */ = {isa = PBXBuildFile; fileRef = 313FE6B32D3B9E3A009EA68F /* Assets.xcassets */; };
		313FE6C92D3B9ED9009EA68F /* OpenAIService.swift in Sources */ = {isa = PBXBuildFile; fileRef = 313FE6C82D3B9ED9009EA68F /* OpenAIService.swift */; };
		313FE7022D3BA0E5009EA68F /* AccessToken.swift in Sources */ = {isa = PBXBuildFile; fileRef = 313FE7012D3BA0E5009EA68F /* AccessToken.swift */; };
		313FE7042D3C04EC009EA68F /* OpenAIPrompt.swift in Sources */ = {isa = PBXBuildFile; fileRef = 313FE7032D3C04EC009EA68F /* OpenAIPrompt.swift */; };
		313FE7072D3C121F009EA68F /* Kingfisher in Frameworks */ = {isa = PBXBuildFile; productRef = 313FE7062D3C121F009EA68F /* Kingfisher */; };
		313FE70A2D3C9E99009EA68F /* SwiftfulLoadingIndicators in Frameworks */ = {isa = PBXBuildFile; productRef = 313FE7092D3C9E99009EA68F /* SwiftfulLoadingIndicators */; };
/* End PBXBuildFile section */

/* Begin PBXFileReference section */
		313FE6672D3B8C57009EA68F /* MoteAI.app */ = {isa = PBXFileReference; explicitFileType = wrapper.application; includeInIndex = 0; path = MoteAI.app; sourceTree = BUILT_PRODUCTS_DIR; };
		313FE66A2D3B8C57009EA68F /* MoteAIApp.swift */ = {isa = PBXFileReference; lastKnownFileType = sourcecode.swift; path = MoteAIApp.swift; sourceTree = "<group>"; };
		313FE6A62D3B9E3A009EA68F /* OpenAIResponse.swift */ = {isa = PBXFileReference; lastKnownFileType = sourcecode.swift; path = OpenAIResponse.swift; sourceTree = "<group>"; };
		313FE6A82D3B9E3A009EA68F /* Preview Assets.xcassets */ = {isa = PBXFileReference; lastKnownFileType = folder.assetcatalog; path = "Preview Assets.xcassets"; sourceTree = "<group>"; };
		313FE6AB2D3B9E3A009EA68F /* HomeView.swift */ = {isa = PBXFileReference; lastKnownFileType = sourcecode.swift; path = HomeView.swift; sourceTree = "<group>"; };
		313FE6AC2D3B9E3A009EA68F /* HomeVM.swift */ = {isa = PBXFileReference; lastKnownFileType = sourcecode.swift; path = HomeVM.swift; sourceTree = "<group>"; };
		313FE6AE2D3B9E3A009EA68F /* MessageBubbleView.swift */ = {isa = PBXFileReference; lastKnownFileType = sourcecode.swift; path = MessageBubbleView.swift; sourceTree = "<group>"; };
		313FE6AF2D3B9E3A009EA68F /* MessageSuggestView.swift */ = {isa = PBXFileReference; lastKnownFileType = sourcecode.swift; path = MessageSuggestView.swift; sourceTree = "<group>"; };
		313FE6B02D3B9E3A009EA68F /* MessageSuggestVM.swift */ = {isa = PBXFileReference; lastKnownFileType = sourcecode.swift; path = MessageSuggestVM.swift; sourceTree = "<group>"; };
		313FE6B32D3B9E3A009EA68F /* Assets.xcassets */ = {isa = PBXFileReference; lastKnownFileType = folder.assetcatalog; path = Assets.xcassets; sourceTree = "<group>"; };
		313FE6B42D3B9E3A009EA68F /* ContentView.swift */ = {isa = PBXFileReference; lastKnownFileType = sourcecode.swift; path = ContentView.swift; sourceTree = "<group>"; };
		313FE6B52D3B9E3A009EA68F /* Info.plist */ = {isa = PBXFileReference; lastKnownFileType = text.plist.xml; path = Info.plist; sourceTree = "<group>"; };
		313FE6B62D3B9E3A009EA68F /* MoteAI.entitlements */ = {isa = PBXFileReference; lastKnownFileType = text.plist.entitlements; path = MoteAI.entitlements; sourceTree = "<group>"; };
		313FE6B82D3B9E3A009EA68F /* Persistence.swift */ = {isa = PBXFileReference; lastKnownFileType = sourcecode.swift; path = Persistence.swift; sourceTree = "<group>"; };
		313FE6BA2D3B9E3A009EA68F /* MoteAI.xcdatamodel */ = {isa = PBXFileReference; lastKnownFileType = wrapper.xcdatamodel; path = MoteAI.xcdatamodel; sourceTree = "<group>"; };
		313FE6C82D3B9ED9009EA68F /* OpenAIService.swift */ = {isa = PBXFileReference; lastKnownFileType = sourcecode.swift; path = OpenAIService.swift; sourceTree = "<group>"; };
		313FE7012D3BA0E5009EA68F /* AccessToken.swift */ = {isa = PBXFileReference; lastKnownFileType = sourcecode.swift; path = AccessToken.swift; sourceTree = "<group>"; };
		313FE7032D3C04EC009EA68F /* OpenAIPrompt.swift */ = {isa = PBXFileReference; lastKnownFileType = sourcecode.swift; path = OpenAIPrompt.swift; sourceTree = "<group>"; };
/* End PBXFileReference section */

/* Begin PBXFrameworksBuildPhase section */
		313FE6642D3B8C57009EA68F /* Frameworks */ = {
			isa = PBXFrameworksBuildPhase;
			buildActionMask = 2147483647;
			files = (
				313FE7072D3C121F009EA68F /* Kingfisher in Frameworks */,
				313FE70A2D3C9E99009EA68F /* SwiftfulLoadingIndicators in Frameworks */,
			);
			runOnlyForDeploymentPostprocessing = 0;
		};
/* End PBXFrameworksBuildPhase section */

/* Begin PBXGroup section */
		313FE65E2D3B8C57009EA68F = {
			isa = PBXGroup;
			children = (
				313FE6B92D3B9E3A009EA68F /* MoteAI */,
				313FE6682D3B8C57009EA68F /* Products */,
			);
			sourceTree = "<group>";
		};
		313FE6682D3B8C57009EA68F /* Products */ = {
			isa = PBXGroup;
			children = (
				313FE6672D3B8C57009EA68F /* MoteAI.app */,
			);
			name = Products;
			sourceTree = "<group>";
		};
		313FE6A42D3B9E3A009EA68F /* App */ = {
			isa = PBXGroup;
			children = (
				313FE66A2D3B8C57009EA68F /* MoteAIApp.swift */,
				313FE6B42D3B9E3A009EA68F /* ContentView.swift */,
			);
			path = App;
			sourceTree = "<group>";
		};
		313FE6A92D3B9E3A009EA68F /* Preview Content */ = {
			isa = PBXGroup;
			children = (
				313FE6A82D3B9E3A009EA68F /* Preview Assets.xcassets */,
			);
			path = "Preview Content";
			sourceTree = "<group>";
		};
		313FE6AA2D3B9E3A009EA68F /* Services */ = {
			isa = PBXGroup;
			children = (
				313FE6C82D3B9ED9009EA68F /* OpenAIService.swift */,
				313FE6A62D3B9E3A009EA68F /* OpenAIResponse.swift */,
			);
			path = Services;
			sourceTree = "<group>";
		};
		313FE6AD2D3B9E3A009EA68F /* Home */ = {
			isa = PBXGroup;
			children = (
				313FE6AB2D3B9E3A009EA68F /* HomeView.swift */,
				313FE6AC2D3B9E3A009EA68F /* HomeVM.swift */,
			);
			path = Home;
			sourceTree = "<group>";
		};
		313FE6B12D3B9E3A009EA68F /* MessageSuggest */ = {
			isa = PBXGroup;
			children = (
				313FE6AF2D3B9E3A009EA68F /* MessageSuggestView.swift */,
				313FE6AE2D3B9E3A009EA68F /* MessageBubbleView.swift */,
				313FE6B02D3B9E3A009EA68F /* MessageSuggestVM.swift */,
			);
			path = MessageSuggest;
			sourceTree = "<group>";
		};
		313FE6B22D3B9E3A009EA68F /* Views */ = {
			isa = PBXGroup;
			children = (
				313FE6AD2D3B9E3A009EA68F /* Home */,
				313FE6B12D3B9E3A009EA68F /* MessageSuggest */,
			);
			path = Views;
			sourceTree = "<group>";
		};
		313FE6B92D3B9E3A009EA68F /* MoteAI */ = {
			isa = PBXGroup;
			children = (
				313FE6CC2D3BA083009EA68F /* Constants */,
				313FE6AA2D3B9E3A009EA68F /* Services */,
				313FE6B22D3B9E3A009EA68F /* Views */,
				313FE6A42D3B9E3A009EA68F /* App */,
				313FE6A92D3B9E3A009EA68F /* Preview Content */,
				313FE6B32D3B9E3A009EA68F /* Assets.xcassets */,
				313FE6B52D3B9E3A009EA68F /* Info.plist */,
				313FE6B62D3B9E3A009EA68F /* MoteAI.entitlements */,
				313FE6B72D3B9E3A009EA68F /* MoteAI.xcdatamodeld */,
				313FE6B82D3B9E3A009EA68F /* Persistence.swift */,
			);
			path = MoteAI;
			sourceTree = "<group>";
		};
		313FE6CC2D3BA083009EA68F /* Constants */ = {
			isa = PBXGroup;
			children = (
				313FE7012D3BA0E5009EA68F /* AccessToken.swift */,
				313FE7032D3C04EC009EA68F /* OpenAIPrompt.swift */,
			);
			path = Constants;
			sourceTree = "<group>";
		};
/* End PBXGroup section */

/* Begin PBXNativeTarget section */
		313FE6662D3B8C57009EA68F /* MoteAI */ = {
			isa = PBXNativeTarget;
			buildConfigurationList = 313FE67B2D3B8C5A009EA68F /* Build configuration list for PBXNativeTarget "MoteAI" */;
			buildPhases = (
				313FE6632D3B8C57009EA68F /* Sources */,
				313FE6642D3B8C57009EA68F /* Frameworks */,
				313FE6652D3B8C57009EA68F /* Resources */,
			);
			buildRules = (
			);
			dependencies = (
			);
			name = MoteAI;
			packageProductDependencies = (
				313FE7062D3C121F009EA68F /* Kingfisher */,
				313FE7092D3C9E99009EA68F /* SwiftfulLoadingIndicators */,
			);
			productName = MoteAI;
			productReference = 313FE6672D3B8C57009EA68F /* MoteAI.app */;
			productType = "com.apple.product-type.application";
		};
/* End PBXNativeTarget section */

/* Begin PBXProject section */
		313FE65F2D3B8C57009EA68F /* Project object */ = {
			isa = PBXProject;
			attributes = {
				BuildIndependentTargetsInParallel = 1;
				LastSwiftUpdateCheck = 1620;
				LastUpgradeCheck = 1620;
				TargetAttributes = {
					313FE6662D3B8C57009EA68F = {
						CreatedOnToolsVersion = 16.2;
					};
				};
			};
			buildConfigurationList = 313FE6622D3B8C57009EA68F /* Build configuration list for PBXProject "MoteAI" */;
			developmentRegion = en;
			hasScannedForEncodings = 0;
			knownRegions = (
				en,
				Base,
			);
			mainGroup = 313FE65E2D3B8C57009EA68F;
			minimizedProjectReferenceProxies = 1;
			packageReferences = (
				313FE7052D3C121F009EA68F /* XCRemoteSwiftPackageReference "Kingfisher" */,
				313FE7082D3C9E99009EA68F /* XCRemoteSwiftPackageReference "SwiftfulLoadingIndicators" */,
			);
			preferredProjectObjectVersion = 77;
			productRefGroup = 313FE6682D3B8C57009EA68F /* Products */;
			projectDirPath = "";
			projectRoot = "";
			targets = (
				313FE6662D3B8C57009EA68F /* MoteAI */,
			);
		};
/* End PBXProject section */

/* Begin PBXResourcesBuildPhase section */
		313FE6652D3B8C57009EA68F /* Resources */ = {
			isa = PBXResourcesBuildPhase;
			buildActionMask = 2147483647;
			files = (
				313FE6C52D3B9E3A009EA68F /* Preview Assets.xcassets in Resources */,
				313FE6C62D3B9E3A009EA68F /* Assets.xcassets in Resources */,
			);
			runOnlyForDeploymentPostprocessing = 0;
		};
/* End PBXResourcesBuildPhase section */

/* Begin PBXSourcesBuildPhase section */
		313FE6632D3B8C57009EA68F /* Sources */ = {
			isa = PBXSourcesBuildPhase;
			buildActionMask = 2147483647;
			files = (
				313FE6BC2D3B9E3A009EA68F /* OpenAIResponse.swift in Sources */,
				313FE6BD2D3B9E3A009EA68F /* HomeView.swift in Sources */,
				313FE6BE2D3B9E3A009EA68F /* HomeVM.swift in Sources */,
				313FE7042D3C04EC009EA68F /* OpenAIPrompt.swift in Sources */,
				313FE6BF2D3B9E3A009EA68F /* MessageBubbleView.swift in Sources */,
				313FE6C02D3B9E3A009EA68F /* MessageSuggestView.swift in Sources */,
				313FE6C12D3B9E3A009EA68F /* MessageSuggestVM.swift in Sources */,
				313FE6C22D3B9E3A009EA68F /* ContentView.swift in Sources */,
				313FE6C32D3B9E3A009EA68F /* MoteAI.xcdatamodeld in Sources */,
				313FE6C42D3B9E3A009EA68F /* Persistence.swift in Sources */,
				313FE66B2D3B8C57009EA68F /* MoteAIApp.swift in Sources */,
				313FE6C92D3B9ED9009EA68F /* OpenAIService.swift in Sources */,
				313FE7022D3BA0E5009EA68F /* AccessToken.swift in Sources */,
			);
			runOnlyForDeploymentPostprocessing = 0;
		};
/* End PBXSourcesBuildPhase section */

/* Begin XCBuildConfiguration section */
		313FE67C2D3B8C5A009EA68F /* Debug */ = {
			isa = XCBuildConfiguration;
			buildSettings = {
				ASSETCATALOG_COMPILER_APPICON_NAME = AppIcon;
				ASSETCATALOG_COMPILER_GLOBAL_ACCENT_COLOR_NAME = AccentColor;
				CODE_SIGN_ENTITLEMENTS = MoteAI/MoteAI.entitlements;
				CODE_SIGN_STYLE = Automatic;
				CURRENT_PROJECT_VERSION = 1;
				DEVELOPMENT_ASSET_PATHS = "\"MoteAI/Preview Content\"";
				DEVELOPMENT_TEAM = 265P8798N4;
				ENABLE_PREVIEWS = YES;
				GENERATE_INFOPLIST_FILE = YES;
				INFOPLIST_FILE = MoteAI/Info.plist;
				INFOPLIST_KEY_UIApplicationSceneManifest_Generation = YES;
				INFOPLIST_KEY_UIApplicationSupportsIndirectInputEvents = YES;
				INFOPLIST_KEY_UILaunchScreen_Generation = YES;
				INFOPLIST_KEY_UISupportedInterfaceOrientations_iPad = "UIInterfaceOrientationPortrait UIInterfaceOrientationPortraitUpsideDown UIInterfaceOrientationLandscapeLeft UIInterfaceOrientationLandscapeRight";
				INFOPLIST_KEY_UISupportedInterfaceOrientations_iPhone = "UIInterfaceOrientationPortrait UIInterfaceOrientationLandscapeLeft UIInterfaceOrientationLandscapeRight";
				LD_RUNPATH_SEARCH_PATHS = (
					"$(inherited)",
					"@executable_path/Frameworks",
				);
				MARKETING_VERSION = 1.0;
				PRODUCT_BUNDLE_IDENTIFIER = KojiroTsugaru.MoteAI;
				PRODUCT_NAME = "$(TARGET_NAME)";
				SWIFT_EMIT_LOC_STRINGS = YES;
				SWIFT_VERSION = 5.0;
				TARGETED_DEVICE_FAMILY = "1,2";
			};
			name = Debug;
		};
		313FE67D2D3B8C5A009EA68F /* Release */ = {
			isa = XCBuildConfiguration;
			buildSettings = {
				ASSETCATALOG_COMPILER_APPICON_NAME = AppIcon;
				ASSETCATALOG_COMPILER_GLOBAL_ACCENT_COLOR_NAME = AccentColor;
				CODE_SIGN_ENTITLEMENTS = MoteAI/MoteAI.entitlements;
				CODE_SIGN_STYLE = Automatic;
				CURRENT_PROJECT_VERSION = 1;
				DEVELOPMENT_ASSET_PATHS = "\"MoteAI/Preview Content\"";
				DEVELOPMENT_TEAM = 265P8798N4;
				ENABLE_PREVIEWS = YES;
				GENERATE_INFOPLIST_FILE = YES;
				INFOPLIST_FILE = MoteAI/Info.plist;
				INFOPLIST_KEY_UIApplicationSceneManifest_Generation = YES;
				INFOPLIST_KEY_UIApplicationSupportsIndirectInputEvents = YES;
				INFOPLIST_KEY_UILaunchScreen_Generation = YES;
				INFOPLIST_KEY_UISupportedInterfaceOrientations_iPad = "UIInterfaceOrientationPortrait UIInterfaceOrientationPortraitUpsideDown UIInterfaceOrientationLandscapeLeft UIInterfaceOrientationLandscapeRight";
				INFOPLIST_KEY_UISupportedInterfaceOrientations_iPhone = "UIInterfaceOrientationPortrait UIInterfaceOrientationLandscapeLeft UIInterfaceOrientationLandscapeRight";
				LD_RUNPATH_SEARCH_PATHS = (
					"$(inherited)",
					"@executable_path/Frameworks",
				);
				MARKETING_VERSION = 1.0;
				PRODUCT_BUNDLE_IDENTIFIER = KojiroTsugaru.MoteAI;
				PRODUCT_NAME = "$(TARGET_NAME)";
				SWIFT_EMIT_LOC_STRINGS = YES;
				SWIFT_VERSION = 5.0;
				TARGETED_DEVICE_FAMILY = "1,2";
			};
			name = Release;
		};
		313FE67E2D3B8C5A009EA68F /* Debug */ = {
			isa = XCBuildConfiguration;
			buildSettings = {
				ALWAYS_SEARCH_USER_PATHS = NO;
				ASSETCATALOG_COMPILER_GENERATE_SWIFT_ASSET_SYMBOL_EXTENSIONS = YES;
				CLANG_ANALYZER_NONNULL = YES;
				CLANG_ANALYZER_NUMBER_OBJECT_CONVERSION = YES_AGGRESSIVE;
				CLANG_CXX_LANGUAGE_STANDARD = "gnu++20";
				CLANG_ENABLE_MODULES = YES;
				CLANG_ENABLE_OBJC_ARC = YES;
				CLANG_ENABLE_OBJC_WEAK = YES;
				CLANG_WARN_BLOCK_CAPTURE_AUTORELEASING = YES;
				CLANG_WARN_BOOL_CONVERSION = YES;
				CLANG_WARN_COMMA = YES;
				CLANG_WARN_CONSTANT_CONVERSION = YES;
				CLANG_WARN_DEPRECATED_OBJC_IMPLEMENTATIONS = YES;
				CLANG_WARN_DIRECT_OBJC_ISA_USAGE = YES_ERROR;
				CLANG_WARN_DOCUMENTATION_COMMENTS = YES;
				CLANG_WARN_EMPTY_BODY = YES;
				CLANG_WARN_ENUM_CONVERSION = YES;
				CLANG_WARN_INFINITE_RECURSION = YES;
				CLANG_WARN_INT_CONVERSION = YES;
				CLANG_WARN_NON_LITERAL_NULL_CONVERSION = YES;
				CLANG_WARN_OBJC_IMPLICIT_RETAIN_SELF = YES;
				CLANG_WARN_OBJC_LITERAL_CONVERSION = YES;
				CLANG_WARN_OBJC_ROOT_CLASS = YES_ERROR;
				CLANG_WARN_QUOTED_INCLUDE_IN_FRAMEWORK_HEADER = YES;
				CLANG_WARN_RANGE_LOOP_ANALYSIS = YES;
				CLANG_WARN_STRICT_PROTOTYPES = YES;
				CLANG_WARN_SUSPICIOUS_MOVE = YES;
				CLANG_WARN_UNGUARDED_AVAILABILITY = YES_AGGRESSIVE;
				CLANG_WARN_UNREACHABLE_CODE = YES;
				CLANG_WARN__DUPLICATE_METHOD_MATCH = YES;
				COPY_PHASE_STRIP = NO;
				DEBUG_INFORMATION_FORMAT = dwarf;
				ENABLE_STRICT_OBJC_MSGSEND = YES;
				ENABLE_TESTABILITY = YES;
				ENABLE_USER_SCRIPT_SANDBOXING = YES;
				GCC_C_LANGUAGE_STANDARD = gnu17;
				GCC_DYNAMIC_NO_PIC = NO;
				GCC_NO_COMMON_BLOCKS = YES;
				GCC_OPTIMIZATION_LEVEL = 0;
				GCC_PREPROCESSOR_DEFINITIONS = (
					"DEBUG=1",
					"$(inherited)",
				);
				GCC_WARN_64_TO_32_BIT_CONVERSION = YES;
				GCC_WARN_ABOUT_RETURN_TYPE = YES_ERROR;
				GCC_WARN_UNDECLARED_SELECTOR = YES;
				GCC_WARN_UNINITIALIZED_AUTOS = YES_AGGRESSIVE;
				GCC_WARN_UNUSED_FUNCTION = YES;
				GCC_WARN_UNUSED_VARIABLE = YES;
				IPHONEOS_DEPLOYMENT_TARGET = 18.2;
				LOCALIZATION_PREFERS_STRING_CATALOGS = YES;
				MTL_ENABLE_DEBUG_INFO = INCLUDE_SOURCE;
				MTL_FAST_MATH = YES;
				ONLY_ACTIVE_ARCH = YES;
				SDKROOT = iphoneos;
				SWIFT_ACTIVE_COMPILATION_CONDITIONS = "DEBUG $(inherited)";
				SWIFT_OPTIMIZATION_LEVEL = "-Onone";
			};
			name = Debug;
		};
		313FE67F2D3B8C5A009EA68F /* Release */ = {
			isa = XCBuildConfiguration;
			buildSettings = {
				ALWAYS_SEARCH_USER_PATHS = NO;
				ASSETCATALOG_COMPILER_GENERATE_SWIFT_ASSET_SYMBOL_EXTENSIONS = YES;
				CLANG_ANALYZER_NONNULL = YES;
				CLANG_ANALYZER_NUMBER_OBJECT_CONVERSION = YES_AGGRESSIVE;
				CLANG_CXX_LANGUAGE_STANDARD = "gnu++20";
				CLANG_ENABLE_MODULES = YES;
				CLANG_ENABLE_OBJC_ARC = YES;
				CLANG_ENABLE_OBJC_WEAK = YES;
				CLANG_WARN_BLOCK_CAPTURE_AUTORELEASING = YES;
				CLANG_WARN_BOOL_CONVERSION = YES;
				CLANG_WARN_COMMA = YES;
				CLANG_WARN_CONSTANT_CONVERSION = YES;
				CLANG_WARN_DEPRECATED_OBJC_IMPLEMENTATIONS = YES;
				CLANG_WARN_DIRECT_OBJC_ISA_USAGE = YES_ERROR;
				CLANG_WARN_DOCUMENTATION_COMMENTS = YES;
				CLANG_WARN_EMPTY_BODY = YES;
				CLANG_WARN_ENUM_CONVERSION = YES;
				CLANG_WARN_INFINITE_RECURSION = YES;
				CLANG_WARN_INT_CONVERSION = YES;
				CLANG_WARN_NON_LITERAL_NULL_CONVERSION = YES;
				CLANG_WARN_OBJC_IMPLICIT_RETAIN_SELF = YES;
				CLANG_WARN_OBJC_LITERAL_CONVERSION = YES;
				CLANG_WARN_OBJC_ROOT_CLASS = YES_ERROR;
				CLANG_WARN_QUOTED_INCLUDE_IN_FRAMEWORK_HEADER = YES;
				CLANG_WARN_RANGE_LOOP_ANALYSIS = YES;
				CLANG_WARN_STRICT_PROTOTYPES = YES;
				CLANG_WARN_SUSPICIOUS_MOVE = YES;
				CLANG_WARN_UNGUARDED_AVAILABILITY = YES_AGGRESSIVE;
				CLANG_WARN_UNREACHABLE_CODE = YES;
				CLANG_WARN__DUPLICATE_METHOD_MATCH = YES;
				COPY_PHASE_STRIP = NO;
				DEBUG_INFORMATION_FORMAT = "dwarf-with-dsym";
				ENABLE_NS_ASSERTIONS = NO;
				ENABLE_STRICT_OBJC_MSGSEND = YES;
				ENABLE_USER_SCRIPT_SANDBOXING = YES;
				GCC_C_LANGUAGE_STANDARD = gnu17;
				GCC_NO_COMMON_BLOCKS = YES;
				GCC_WARN_64_TO_32_BIT_CONVERSION = YES;
				GCC_WARN_ABOUT_RETURN_TYPE = YES_ERROR;
				GCC_WARN_UNDECLARED_SELECTOR = YES;
				GCC_WARN_UNINITIALIZED_AUTOS = YES_AGGRESSIVE;
				GCC_WARN_UNUSED_FUNCTION = YES;
				GCC_WARN_UNUSED_VARIABLE = YES;
				IPHONEOS_DEPLOYMENT_TARGET = 18.2;
				LOCALIZATION_PREFERS_STRING_CATALOGS = YES;
				MTL_ENABLE_DEBUG_INFO = NO;
				MTL_FAST_MATH = YES;
				SDKROOT = iphoneos;
				SWIFT_COMPILATION_MODE = wholemodule;
				VALIDATE_PRODUCT = YES;
			};
			name = Release;
		};
/* End XCBuildConfiguration section */

/* Begin XCConfigurationList section */
		313FE6622D3B8C57009EA68F /* Build configuration list for PBXProject "MoteAI" */ = {
			isa = XCConfigurationList;
			buildConfigurations = (
				313FE67E2D3B8C5A009EA68F /* Debug */,
				313FE67F2D3B8C5A009EA68F /* Release */,
			);
			defaultConfigurationIsVisible = 0;
			defaultConfigurationName = Release;
		};
		313FE67B2D3B8C5A009EA68F /* Build configuration list for PBXNativeTarget "MoteAI" */ = {
			isa = XCConfigurationList;
			buildConfigurations = (
				313FE67C2D3B8C5A009EA68F /* Debug */,
				313FE67D2D3B8C5A009EA68F /* Release */,
			);
			defaultConfigurationIsVisible = 0;
			defaultConfigurationName = Release;
		};
/* End XCConfigurationList section */

/* Begin XCRemoteSwiftPackageReference section */
		313FE7052D3C121F009EA68F /* XCRemoteSwiftPackageReference "Kingfisher" */ = {
			isa = XCRemoteSwiftPackageReference;
			repositoryURL = "https://github.com/onevcat/Kingfisher";
			requirement = {
				kind = upToNextMajorVersion;
				minimumVersion = 8.1.3;
			};
		};
		313FE7082D3C9E99009EA68F /* XCRemoteSwiftPackageReference "SwiftfulLoadingIndicators" */ = {
			isa = XCRemoteSwiftPackageReference;
			repositoryURL = "https://github.com/SwiftfulThinking/SwiftfulLoadingIndicators.git";
			requirement = {
				kind = upToNextMajorVersion;
				minimumVersion = 0.0.4;
			};
		};
/* End XCRemoteSwiftPackageReference section */

/* Begin XCSwiftPackageProductDependency section */
		313FE7062D3C121F009EA68F /* Kingfisher */ = {
			isa = XCSwiftPackageProductDependency;
			package = 313FE7052D3C121F009EA68F /* XCRemoteSwiftPackageReference "Kingfisher" */;
			productName = Kingfisher;
		};
		313FE7092D3C9E99009EA68F /* SwiftfulLoadingIndicators */ = {
			isa = XCSwiftPackageProductDependency;
			package = 313FE7082D3C9E99009EA68F /* XCRemoteSwiftPackageReference "SwiftfulLoadingIndicators" */;
			productName = SwiftfulLoadingIndicators;
		};
/* End XCSwiftPackageProductDependency section */

/* Begin XCVersionGroup section */
		313FE6B72D3B9E3A009EA68F /* MoteAI.xcdatamodeld */ = {
			isa = XCVersionGroup;
			children = (
				313FE6BA2D3B9E3A009EA68F /* MoteAI.xcdatamodel */,
			);
			currentVersion = 313FE6BA2D3B9E3A009EA68F /* MoteAI.xcdatamodel */;
			path = MoteAI.xcdatamodeld;
			sourceTree = "<group>";
			versionGroupType = wrapper.xcdatamodel;
		};
/* End XCVersionGroup section */
	};
	rootObject = 313FE65F2D3B8C57009EA68F /* Project object */;
}
